
Microsoft Visual Studio Solution File, Format Version 12.00
# Visual Studio Version 16
VisualStudioVersion = 16.0.31229.75
MinimumVisualStudioVersion = 10.0.40219.1
Project("{FAE04EC0-301F-11D3-BF4B-00C04F79EFBC}") = "Login.Android", "Login\Login.Android\Login.Android.csproj", "{831CBDA9-CE0D-4CA4-AA64-695D7B148956}"
EndProject
Project("{FAE04EC0-301F-11D3-BF4B-00C04F79EFBC}") = "Login.iOS", "Login\Login.iOS\Login.iOS.csproj", "{6F8151EA-FA00-4FA5-8EE0-C969F4CDA72A}"
EndProject
Project("{FAE04EC0-301F-11D3-BF4B-00C04F79EFBC}") = "Login", "Login\Login\Login.csproj", "{7FC354F8-271F-45CC-B339-C071485FC2EA}"
EndProject
Global
	GlobalSection(SolutionConfigurationPlatforms) = preSolution
		Debug|Any CPU = Debug|Any CPU
		Debug|iPhone = Debug|iPhone
		Debug|iPhoneSimulator = Debug|iPhoneSimulator
		Release|Any CPU = Release|Any CPU
		Release|iPhone = Release|iPhone
		Release|iPhoneSimulator = Release|iPhoneSimulator
	EndGlobalSection
	GlobalSection(ProjectConfigurationPlatforms) = postSolution
		{831CBDA9-CE0D-4CA4-AA64-695D7B148956}.Debug|Any CPU.ActiveCfg = Debug|Any CPU
		{831CBDA9-CE0D-4CA4-AA64-695D7B148956}.Debug|Any CPU.Build.0 = Debug|Any CPU
		{831CBDA9-CE0D-4CA4-AA64-695D7B148956}.Debug|Any CPU.Deploy.0 = Debug|Any CPU
		{831CBDA9-CE0D-4CA4-AA64-695D7B148956}.Debug|iPhone.ActiveCfg = Debug|Any CPU
		{831CBDA9-CE0D-4CA4-AA64-695D7B148956}.Debug|iPhone.Build.0 = Debug|Any CPU
		{831CBDA9-CE0D-4CA4-AA64-695D7B148956}.Debug|iPhone.Deploy.0 = Debug|Any CPU
		{831CBDA9-CE0D-4CA4-AA64-695D7B148956}.Debug|iPhoneSimulator.ActiveCfg = Debug|Any CPU
		{831CBDA9-CE0D-4CA4-AA64-695D7B148956}.Debug|iPhoneSimulator.Build.0 = Debug|Any CPU
		{831CBDA9-CE0D-4CA4-AA64-695D7B148956}.Debug|iPhoneSimulator.Deploy.0 = Debug|Any CPU
		{831CBDA9-CE0D-4CA4-AA64-695D7B148956}.Release|Any CPU.ActiveCfg = Release|Any CPU
		{831CBDA9-CE0D-4CA4-AA64-695D7B148956}.Release|Any CPU.Build.0 = Release|Any CPU
		{831CBDA9-CE0D-4CA4-AA64-695D7B148956}.Release|Any CPU.Deploy.0 = Release|Any CPU
		{831CBDA9-CE0D-4CA4-AA64-695D7B148956}.Release|iPhone.ActiveCfg = Release|Any CPU
		{831CBDA9-CE0D-4CA4-AA64-695D7B148956}.Release|iPhone.Build.0 = Release|Any CPU
		{831CBDA9-CE0D-4CA4-AA64-695D7B148956}.Release|iPhone.Deploy.0 = Release|Any CPU
		{831CBDA9-CE0D-4CA4-AA64-695D7B148956}.Release|iPhoneSimulator.ActiveCfg = Release|Any CPU
		{831CBDA9-CE0D-4CA4-AA64-695D7B148956}.Release|iPhoneSimulator.Build.0 = Release|Any CPU
		{831CBDA9-CE0D-4CA4-AA64-695D7B148956}.Release|iPhoneSimulator.Deploy.0 = Release|Any CPU
		{6F8151EA-FA00-4FA5-8EE0-C969F4CDA72A}.Debug|Any CPU.ActiveCfg = Debug|iPhone
		{6F8151EA-FA00-4FA5-8EE0-C969F4CDA72A}.Debug|Any CPU.Build.0 = Debug|iPhone
		{6F8151EA-FA00-4FA5-8EE0-C969F4CDA72A}.Debug|Any CPU.Deploy.0 = Debug|iPhone
		{6F8151EA-FA00-4FA5-8EE0-C969F4CDA72A}.Debug|iPhone.ActiveCfg = Debug|iPhone
		{6F8151EA-FA00-4FA5-8EE0-C969F4CDA72A}.Debug|iPhone.Build.0 = Debug|iPhone
		{6F8151EA-FA00-4FA5-8EE0-C969F4CDA72A}.Debug|iPhone.Deploy.0 = Debug|iPhone
		{6F8151EA-FA00-4FA5-8EE0-C969F4CDA72A}.Debug|iPhoneSimulator.ActiveCfg = Debug|iPhoneSimulator
		{6F8151EA-FA00-4FA5-8EE0-C969F4CDA72A}.Debug|iPhoneSimulator.Build.0 = Debug|iPhoneSimulator
		{6F8151EA-FA00-4FA5-8EE0-C969F4CDA72A}.Debug|iPhoneSimulator.Deploy.0 = Debug|iPhoneSimulator
		{6F8151EA-FA00-4FA5-8EE0-C969F4CDA72A}.Release|Any CPU.ActiveCfg = Release|iPhoneSimulator
		{6F8151EA-FA00-4FA5-8EE0-C969F4CDA72A}.Release|Any CPU.Build.0 = Release|iPhoneSimulator
		{6F8151EA-FA00-4FA5-8EE0-C969F4CDA72A}.Release|Any CPU.Deploy.0 = Release|iPhoneSimulator
		{6F8151EA-FA00-4FA5-8EE0-C969F4CDA72A}.Release|iPhone.ActiveCfg = Release|iPhone
		{6F8151EA-FA00-4FA5-8EE0-C969F4CDA72A}.Release|iPhone.Build.0 = Release|iPhone
		{6F8151EA-FA00-4FA5-8EE0-C969F4CDA72A}.Release|iPhone.Deploy.0 = Release|iPhone
		{6F8151EA-FA00-4FA5-8EE0-C969F4CDA72A}.Release|iPhoneSimulator.ActiveCfg = Release|iPhoneSimulator
		{6F8151EA-FA00-4FA5-8EE0-C969F4CDA72A}.Release|iPhoneSimulator.Build.0 = Release|iPhoneSimulator
		{6F8151EA-FA00-4FA5-8EE0-C969F4CDA72A}.Release|iPhoneSimulator.Deploy.0 = Release|iPhoneSimulator
		{7FC354F8-271F-45CC-B339-C071485FC2EA}.Debug|Any CPU.ActiveCfg = Debug|Any CPU
		{7FC354F8-271F-45CC-B339-C071485FC2EA}.Debug|Any CPU.Build.0 = Debug|Any CPU
		{7FC354F8-271F-45CC-B339-C071485FC2EA}.Debug|Any CPU.Deploy.0 = Debug|Any CPU
		{7FC354F8-271F-45CC-B339-C071485FC2EA}.Debug|iPhone.ActiveCfg = Debug|Any CPU
		{7FC354F8-271F-45CC-B339-C071485FC2EA}.Debug|iPhone.Build.0 = Debug|Any CPU
		{7FC354F8-271F-45CC-B339-C071485FC2EA}.Debug|iPhone.Deploy.0 = Debug|Any CPU
		{7FC354F8-271F-45CC-B339-C071485FC2EA}.Debug|iPhoneSimulator.ActiveCfg = Debug|Any CPU
		{7FC354F8-271F-45CC-B339-C071485FC2EA}.Debug|iPhoneSimulator.Build.0 = Debug|Any CPU
		{7FC354F8-271F-45CC-B339-C071485FC2EA}.Debug|iPhoneSimulator.Deploy.0 = Debug|Any CPU
		{7FC354F8-271F-45CC-B339-C071485FC2EA}.Release|Any CPU.ActiveCfg = Release|Any CPU
		{7FC354F8-271F-45CC-B339-C071485FC2EA}.Release|Any CPU.Build.0 = Release|Any CPU
		{7FC354F8-271F-45CC-B339-C071485FC2EA}.Release|Any CPU.Deploy.0 = Release|Any CPU
		{7FC354F8-271F-45CC-B339-C071485FC2EA}.Release|iPhone.ActiveCfg = Release|Any CPU
		{7FC354F8-271F-45CC-B339-C071485FC2EA}.Release|iPhone.Build.0 = Release|Any CPU
		{7FC354F8-271F-45CC-B339-C071485FC2EA}.Release|iPhone.Deploy.0 = Release|Any CPU
		{7FC354F8-271F-45CC-B339-C071485FC2EA}.Release|iPhoneSimulator.ActiveCfg = Release|Any CPU
		{7FC354F8-271F-45CC-B339-C071485FC2EA}.Release|iPhoneSimulator.Build.0 = Release|Any CPU
		{7FC354F8-271F-45CC-B339-C071485FC2EA}.Release|iPhoneSimulator.Deploy.0 = Release|Any CPU
	EndGlobalSection
	GlobalSection(SolutionProperties) = preSolution
		HideSolutionNode = FALSE
	EndGlobalSection
	GlobalSection(ExtensibilityGlobals) = postSolution
		SolutionGuid = {F1E2C828-B9C0-46AD-B75E-59263D4664B1}
	EndGlobalSection
EndGlobal
